lockfileVersion: '9.0'

settings:
  autoInstallPeers: true
  excludeLinksFromLockfile: false

overrides:
  form-data: 2.5.4
  glob: 10.5.0
  http-cache-semantics: 4.1.1
  qs: 6.14.1
  lodash: 4.17.23
  webpack-dev-server: 5.2.1
  esbuild: 0.25.0
  postcss: 8.4.31

importers:

  .: {}

  packages/mini-program: {}

  packages/shared:
    devDependencies:
      typescript:
        specifier: 5.9.3
        version: 5.9.3

packages:

  typescript@5.9.3:
    resolution: {integrity: sha512-jl1vZzPDinLr9eUt3J/t7V6FgNEw9QjvBPdysz9KfQDD41fQrC2Y4vKQdiaUpFT4bXlb1RHhLpp8wtm6M5TgSw==}
    engines: {node: '>=14.17'}
    hasBin: true

snapshots:

  typescript@5.9.3: {}
