# Python 3.12.10; generated from the isolated Chinese-CLIP/Core ML environment.
# cn-clip's pinned setup.py needs setuptools in the environment and --no-build-isolation.
attrs==26.1.0
cattrs==26.1.0
certifi==2026.6.17
charset-normalizer==3.4.9
cn-clip @ git+https://github.com/OFA-Sys/Chinese-CLIP.git@31863c707501bf1605d36842f43deb78793dbc5d
coremltools==8.3.0
filelock==3.31.0
fsspec==2026.6.0
huggingface-hub==0.26.5
idna==3.18
jinja2==3.1.6
joblib==1.4.2
lmdb==1.3.0
markupsafe==3.0.3
mpmath==1.3.0
networkx==3.6.1
numpy==1.26.4
packaging==26.2
pillow==10.4.0
protobuf==4.25.5
pyaml==26.7.0
pyyaml==6.0.3
requests==2.34.2
safetensors==0.8.0
scikit-learn==1.5.2
scipy==1.14.1
setuptools==70.3.0
six==1.16.0
sympy==1.14.0
threadpoolctl==3.5.0
timm==0.9.16
torch==2.2.2
torchvision==0.17.2
tqdm==4.66.6
typing-extensions==4.16.0
urllib3==2.7.0
